# This file is automatically @generated by Cargo.
# It is not intended for manual editing.
version = 4

[[package]]
name = "clojure-diagnostics"
version = "0.0.1"
dependencies = [
 "clojure-span",
]

[[package]]
name = "clojure-interp"
version = "0.0.1"
dependencies = [
 "clojure-diagnostics",
 "clojure-reader",
 "clojure-span",
 "clojure-syntax",
 "clojure-value",
]

[[package]]
name = "clojure-native-cli"
version = "0.0.1"
dependencies = [
 "clojure-diagnostics",
 "clojure-interp",
 "clojure-reader",
 "clojure-span",
 "clojure-syntax",
 "clojure-value",
]

[[package]]
name = "clojure-reader"
version = "0.0.1"
dependencies = [
 "clojure-diagnostics",
 "clojure-span",
 "clojure-syntax",
]

[[package]]
name = "clojure-span"
version = "0.0.1"

[[package]]
name = "clojure-syntax"
version = "0.0.1"
dependencies = [
 "clojure-span",
]

[[package]]
name = "clojure-value"
version = "0.0.1"
dependencies = [
 "clojure-span",
 "clojure-syntax",
]
